// !$*UTF8*$!
{
	archiveVersion = 1;
	classes = {
	};
	objectVersion = 56;
	objects = {

/* Begin PBXBuildFile section */
		D118D9782AE76E6700EB15BE /* FrameworkGridViewModel.swift in Sources */ = {isa = PBXBuildFile; fileRef = D118D9772AE76E6700EB15BE /* FrameworkGridViewModel.swift */; };
		D13914F82AE8049E000FDF48 /* SafariView.swift in Sources */ = {isa = PBXBuildFile; fileRef = D13914F72AE8049E000FDF48 /* SafariView.swift */; };
		D13914FA2AE829BE000FDF48 /* FrameworkTitleView.swift in Sources */ = {isa = PBXBuildFile; fileRef = D13914F92AE829BE000FDF48 /* FrameworkTitleView.swift */; };
		D13914FC2AE82A8E000FDF48 /* XDismissButton.swift in Sources */ = {isa = PBXBuildFile; fileRef = D13914FB2AE82A8E000FDF48 /* XDismissButton.swift */; };
		D13914FE2AE82CA2000FDF48 /* AFButton.swift in Sources */ = {isa = PBXBuildFile; fileRef = D13914FD2AE82CA2000FDF48 /* AFButton.swift */; };
		D1F3E5A72AE6D56A00658798 /* Apple_FrameworksApp.swift in Sources */ = {isa = PBXBuildFile; fileRef = D1F3E5A62AE6D56A00658798 /* Apple_FrameworksApp.swift */; };
		D1F3E5AB2AE6D56D00658798 /* Assets.xcassets in Resources */ = {isa = PBXBuildFile; fileRef = D1F3E5AA2AE6D56D00658798 /* Assets.xcassets */; };
		D1F3E5AE2AE6D56D00658798 /* Preview Assets.xcassets in Resources */ = {isa = PBXBuildFile; fileRef = D1F3E5AD2AE6D56D00658798 /* Preview Assets.xcassets */; };
		D1F3E5B52AE6D61900658798 /* Framework.swift in Sources */ = {isa = PBXBuildFile; fileRef = D1F3E5B42AE6D61900658798 /* Framework.swift */; };
		D1F3E5B82AE6DD0C00658798 /* FrameworkGridView.swift in Sources */ = {isa = PBXBuildFile; fileRef = D1F3E5B72AE6DD0C00658798 /* FrameworkGridView.swift */; };
		D1F3E5BC2AE706F300658798 /* FrameworkDetailView.swift in Sources */ = {isa = PBXBuildFile; fileRef = D1F3E5BB2AE706F300658798 /* FrameworkDetailView.swift */; };
/* End PBXBuildFile section */

/* Begin PBXFileReference section */
		D118D9772AE76E6700EB15BE /* FrameworkGridViewModel.swift */ = {isa = PBXFileReference; lastKnownFileType = sourcecode.swift; path = FrameworkGridViewModel.swift; sourceTree = "<group>"; };
		D13914F72AE8049E000FDF48 /* SafariView.swift */ = {isa = PBXFileReference; lastKnownFileType = sourcecode.swift; path = SafariView.swift; sourceTree = "<group>"; };
		D13914F92AE829BE000FDF48 /* FrameworkTitleView.swift */ = {isa = PBXFileReference; lastKnownFileType = sourcecode.swift; path = FrameworkTitleView.swift; sourceTree = "<group>"; };
		D13914FB2AE82A8E000FDF48 /* XDismissButton.swift */ = {isa = PBXFileReference; lastKnownFileType = sourcecode.swift; path = XDismissButton.swift; sourceTree = "<group>"; };
		D13914FD2AE82CA2000FDF48 /* AFButton.swift */ = {isa = PBXFileReference; lastKnownFileType = sourcecode.swift; path = AFButton.swift; sourceTree = "<group>"; };
		D1F3E5A32AE6D56A00658798 /* Apple-Frameworks.app */ = {isa = PBXFileReference; explicitFileType = wrapper.application; includeInIndex = 0; path = "Apple-Frameworks.app"; sourceTree = BUILT_PRODUCTS_DIR; };
		D1F3E5A62AE6D56A00658798 /* Apple_FrameworksApp.swift */ = {isa = PBXFileReference; lastKnownFileType = sourcecode.swift; path = Apple_FrameworksApp.swift; sourceTree = "<group>"; };
		D1F3E5AA2AE6D56D00658798 /* Assets.xcassets */ = {isa = PBXFileReference; lastKnownFileType = folder.assetcatalog; path = Assets.xcassets; sourceTree = "<group>"; };
		D1F3E5AD2AE6D56D00658798 /* Preview Assets.xcassets */ = {isa = PBXFileReference; lastKnownFileType = folder.assetcatalog; path = "Preview Assets.xcassets"; sourceTree = "<group>"; };
		D1F3E5B42AE6D61900658798 /* Framework.swift */ = {isa = PBXFileReference; lastKnownFileType = sourcecode.swift; path = Framework.swift; sourceTree = "<group>"; };
		D1F3E5B72AE6DD0C00658798 /* FrameworkGridView.swift */ = {isa = PBXFileReference; lastKnownFileType = sourcecode.swift; path = FrameworkGridView.swift; sourceTree = "<group>"; };
		D1F3E5BB2AE706F300658798 /* FrameworkDetailView.swift */ = {isa = PBXFileReference; lastKnownFileType = sourcecode.swift; path = FrameworkDetailView.swift; sourceTree = "<group>"; };
/* End PBXFileReference section */

/* Begin PBXFrameworksBuildPhase section */
		D1F3E5A02AE6D56A00658798 /* Frameworks */ = {
			isa = PBXFrameworksBuildPhase;
			buildActionMask = 2147483647;
			files = (
			);
			runOnlyForDeploymentPostprocessing = 0;
		};
/* End PBXFrameworksBuildPhase section */

/* Begin PBXGroup section */
		D13914FF2AE82D50000FDF48 /* Screens */ = {
			isa = PBXGroup;
			children = (
				D13915012AE82DE4000FDF48 /* FrameworkDetailView */,
				D13915002AE82D63000FDF48 /* FrameworkGridView */,
			);
			path = Screens;
			sourceTree = "<group>";
		};
		D13915002AE82D63000FDF48 /* FrameworkGridView */ = {
			isa = PBXGroup;
			children = (
				D1F3E5B72AE6DD0C00658798 /* FrameworkGridView.swift */,
				D118D9772AE76E6700EB15BE /* FrameworkGridViewModel.swift */,
			);
			path = FrameworkGridView;
			sourceTree = "<group>";
		};
		D13915012AE82DE4000FDF48 /* FrameworkDetailView */ = {
			isa = PBXGroup;
			children = (
				D1F3E5BB2AE706F300658798 /* FrameworkDetailView.swift */,
			);
			path = FrameworkDetailView;
			sourceTree = "<group>";
		};
		D13915022AE82E0E000FDF48 /* Model */ = {
			isa = PBXGroup;
			children = (
				D1F3E5B42AE6D61900658798 /* Framework.swift */,
			);
			path = Model;
			sourceTree = "<group>";
		};
		D13915032AE82E91000FDF48 /* Views */ = {
			isa = PBXGroup;
			children = (
				D13915052AE82EE1000FDF48 /* View */,
				D13915042AE82E9D000FDF48 /* Buttons */,
			);
			path = Views;
			sourceTree = "<group>";
		};
		D13915042AE82E9D000FDF48 /* Buttons */ = {
			isa = PBXGroup;
			children = (
				D13914FB2AE82A8E000FDF48 /* XDismissButton.swift */,
				D13914FD2AE82CA2000FDF48 /* AFButton.swift */,
			);
			path = Buttons;
			sourceTree = "<group>";
		};
		D13915052AE82EE1000FDF48 /* View */ = {
			isa = PBXGroup;
			children = (
				D13914F92AE829BE000FDF48 /* FrameworkTitleView.swift */,
			);
			path = View;
			sourceTree = "<group>";
		};
		D13915062AE82EFE000FDF48 /* UIkit Components */ = {
			isa = PBXGroup;
			children = (
				D13914F72AE8049E000FDF48 /* SafariView.swift */,
			);
			path = "UIkit Components";
			sourceTree = "<group>";
		};
		D1F3E59A2AE6D56A00658798 = {
			isa = PBXGroup;
			children = (
				D1F3E5A52AE6D56A00658798 /* Apple-Frameworks */,
				D1F3E5A42AE6D56A00658798 /* Products */,
			);
			sourceTree = "<group>";
		};
		D1F3E5A42AE6D56A00658798 /* Products */ = {
			isa = PBXGroup;
			children = (
				D1F3E5A32AE6D56A00658798 /* Apple-Frameworks.app */,
			);
			name = Products;
			sourceTree = "<group>";
		};
		D1F3E5A52AE6D56A00658798 /* Apple-Frameworks */ = {
			isa = PBXGroup;
			children = (
				D13915062AE82EFE000FDF48 /* UIkit Components */,
				D13915032AE82E91000FDF48 /* Views */,
				D13915022AE82E0E000FDF48 /* Model */,
				D13914FF2AE82D50000FDF48 /* Screens */,
				D1F3E5A62AE6D56A00658798 /* Apple_FrameworksApp.swift */,
				D1F3E5AA2AE6D56D00658798 /* Assets.xcassets */,
				D1F3E5AC2AE6D56D00658798 /* Preview Content */,
			);
			path = "Apple-Frameworks";
			sourceTree = "<group>";
		};
		D1F3E5AC2AE6D56D00658798 /* Preview Content */ = {
			isa = PBXGroup;
			children = (
				D1F3E5AD2AE6D56D00658798 /* Preview Assets.xcassets */,
			);
			path = "Preview Content";
			sourceTree = "<group>";
		};
/* End PBXGroup section */

/* Begin PBXNativeTarget section */
		D1F3E5A22AE6D56A00658798 /* Apple-Frameworks */ = {
			isa = PBXNativeTarget;
			buildConfigurationList = D1F3E5B12AE6D56D00658798 /* Build configuration list for PBXNativeTarget "Apple-Frameworks" */;
			buildPhases = (
				D1F3E59F2AE6D56A00658798 /* Sources */,
				D1F3E5A02AE6D56A00658798 /* Frameworks */,
				D1F3E5A12AE6D56A00658798 /* Resources */,
			);
			buildRules = (
			);
			dependencies = (
			);
			name = "Apple-Frameworks";
			productName = "Apple-Frameworks";
			productReference = D1F3E5A32AE6D56A00658798 /* Apple-Frameworks.app */;
			productType = "com.apple.product-type.application";
		};
/* End PBXNativeTarget section */

/* Begin PBXProject section */
		D1F3E59B2AE6D56A00658798 /* Project object */ = {
			isa = PBXProject;
			attributes = {
				BuildIndependentTargetsInParallel = 1;
				LastSwiftUpdateCheck = 1500;
				LastUpgradeCheck = 1500;
				TargetAttributes = {
					D1F3E5A22AE6D56A00658798 = {
						CreatedOnToolsVersion = 15.0;
					};
				};
			};
			buildConfigurationList = D1F3E59E2AE6D56A00658798 /* Build configuration list for PBXProject "Apple-Frameworks" */;
			compatibilityVersion = "Xcode 14.0";
			developmentRegion = en;
			hasScannedForEncodings = 0;
			knownRegions = (
				en,
				Base,
			);
			mainGroup = D1F3E59A2AE6D56A00658798;
			productRefGroup = D1F3E5A42AE6D56A00658798 /* Products */;
			projectDirPath = "";
			projectRoot = "";
			targets = (
				D1F3E5A22AE6D56A00658798 /* Apple-Frameworks */,
			);
		};
/* End PBXProject section */

/* Begin PBXResourcesBuildPhase section */
		D1F3E5A12AE6D56A00658798 /* Resources */ = {
			isa = PBXResourcesBuildPhase;
			buildActionMask = 2147483647;
			files = (
				D1F3E5AE2AE6D56D00658798 /* Preview Assets.xcassets in Resources */,
				D1F3E5AB2AE6D56D00658798 /* Assets.xcassets in Resources */,
			);
			runOnlyForDeploymentPostprocessing = 0;
		};
/* End PBXResourcesBuildPhase section */

/* Begin PBXSourcesBuildPhase section */
		D1F3E59F2AE6D56A00658798 /* Sources */ = {
			isa = PBXSourcesBuildPhase;
			buildActionMask = 2147483647;
			files = (
				D1F3E5BC2AE706F300658798 /* FrameworkDetailView.swift in Sources */,
				D13914FE2AE82CA2000FDF48 /* AFButton.swift in Sources */,
				D1F3E5B82AE6DD0C00658798 /* FrameworkGridView.swift in Sources */,
				D13914FA2AE829BE000FDF48 /* FrameworkTitleView.swift in Sources */,
				D1F3E5B52AE6D61900658798 /* Framework.swift in Sources */,
				D1F3E5A72AE6D56A00658798 /* Apple_FrameworksApp.swift in Sources */,
				D13914F82AE8049E000FDF48 /* SafariView.swift in Sources */,
				D118D9782AE76E6700EB15BE /* FrameworkGridViewModel.swift in Sources */,
				D13914FC2AE82A8E000FDF48 /* XDismissButton.swift in Sources */,
			);
			runOnlyForDeploymentPostprocessing = 0;
		};
/* End PBXSourcesBuildPhase section */

/* Begin XCBuildConfiguration section */
		D1F3E5AF2AE6D56D00658798 /* Debug */ = {
			isa = XCBuildConfiguration;
			buildSettings = {
				ALWAYS_SEARCH_USER_PATHS = NO;
				ASSETCATALOG_COMPILER_GENERATE_SWIFT_ASSET_SYMBOL_EXTENSIONS = YES;
				CLANG_ANALYZER_NONNULL = YES;
				CLANG_ANALYZER_NUMBER_OBJECT_CONVERSION = YES_AGGRESSIVE;
				CLANG_CXX_LANGUAGE_STANDARD = "gnu++20";
				CLANG_ENABLE_MODULES = YES;
				CLANG_ENABLE_OBJC_ARC = YES;
				CLANG_ENABLE_OBJC_WEAK = YES;
				CLANG_WARN_BLOCK_CAPTURE_AUTORELEASING = YES;
				CLANG_WARN_BOOL_CONVERSION = YES;
				CLANG_WARN_COMMA = YES;
				CLANG_WARN_CONSTANT_CONVERSION = YES;
				CLANG_WARN_DEPRECATED_OBJC_IMPLEMENTATIONS = YES;
				CLANG_WARN_DIRECT_OBJC_ISA_USAGE = YES_ERROR;
				CLANG_WARN_DOCUMENTATION_COMMENTS = YES;
				CLANG_WARN_EMPTY_BODY = YES;
				CLANG_WARN_ENUM_CONVERSION = YES;
				CLANG_WARN_INFINITE_RECURSION = YES;
				CLANG_WARN_INT_CONVERSION = YES;
				CLANG_WARN_NON_LITERAL_NULL_CONVERSION = YES;
				CLANG_WARN_OBJC_IMPLICIT_RETAIN_SELF = YES;
				CLANG_WARN_OBJC_LITERAL_CONVERSION = YES;
				CLANG_WARN_OBJC_ROOT_CLASS = YES_ERROR;
				CLANG_WARN_QUOTED_INCLUDE_IN_FRAMEWORK_HEADER = YES;
				CLANG_WARN_RANGE_LOOP_ANALYSIS = YES;
				CLANG_WARN_STRICT_PROTOTYPES = YES;
				CLANG_WARN_SUSPICIOUS_MOVE = YES;
				CLANG_WARN_UNGUARDED_AVAILABILITY = YES_AGGRESSIVE;
				CLANG_WARN_UNREACHABLE_CODE = YES;
				CLANG_WARN__DUPLICATE_METHOD_MATCH = YES;
				COPY_PHASE_STRIP = NO;
				DEBUG_INFORMATION_FORMAT = dwarf;
				ENABLE_STRICT_OBJC_MSGSEND = YES;
				ENABLE_TESTABILITY = YES;
				ENABLE_USER_SCRIPT_SANDBOXING = YES;
				GCC_C_LANGUAGE_STANDARD = gnu17;
				GCC_DYNAMIC_NO_PIC = NO;
				GCC_NO_COMMON_BLOCKS = YES;
				GCC_OPTIMIZATION_LEVEL = 0;
				GCC_PREPROCESSOR_DEFINITIONS = (
					"DEBUG=1",
					"$(inherited)",
				);
				GCC_WARN_64_TO_32_BIT_CONVERSION = YES;
				GCC_WARN_ABOUT_RETURN_TYPE = YES_ERROR;
				GCC_WARN_UNDECLARED_SELECTOR = YES;
				GCC_WARN_UNINITIALIZED_AUTOS = YES_AGGRESSIVE;
				GCC_WARN_UNUSED_FUNCTION = YES;
				GCC_WARN_UNUSED_VARIABLE = YES;
				IPHONEOS_DEPLOYMENT_TARGET = 17.0;
				LOCALIZATION_PREFERS_STRING_CATALOGS = YES;
				MTL_ENABLE_DEBUG_INFO = INCLUDE_SOURCE;
				MTL_FAST_MATH = YES;
				ONLY_ACTIVE_ARCH = YES;
				SDKROOT = iphoneos;
				SWIFT_ACTIVE_COMPILATION_CONDITIONS = "DEBUG $(inherited)";
				SWIFT_OPTIMIZATION_LEVEL = "-Onone";
			};
			name = Debug;
		};
		D1F3E5B02AE6D56D00658798 /* Release */ = {
			isa = XCBuildConfiguration;
			buildSettings = {
				ALWAYS_SEARCH_USER_PATHS = NO;
				ASSETCATALOG_COMPILER_GENERATE_SWIFT_ASSET_SYMBOL_EXTENSIONS = YES;
				CLANG_ANALYZER_NONNULL = YES;
				CLANG_ANALYZER_NUMBER_OBJECT_CONVERSION = YES_AGGRESSIVE;
				CLANG_CXX_LANGUAGE_STANDARD = "gnu++20";
				CLANG_ENABLE_MODULES = YES;
				CLANG_ENABLE_OBJC_ARC = YES;
				CLANG_ENABLE_OBJC_WEAK = YES;
				CLANG_WARN_BLOCK_CAPTURE_AUTORELEASING = YES;
				CLANG_WARN_BOOL_CONVERSION = YES;
				CLANG_WARN_COMMA = YES;
				CLANG_WARN_CONSTANT_CONVERSION = YES;
				CLANG_WARN_DEPRECATED_OBJC_IMPLEMENTATIONS = YES;
				CLANG_WARN_DIRECT_OBJC_ISA_USAGE = YES_ERROR;
				CLANG_WARN_DOCUMENTATION_COMMENTS = YES;
				CLANG_WARN_EMPTY_BODY = YES;
				CLANG_WARN_ENUM_CONVERSION = YES;
				CLANG_WARN_INFINITE_RECURSION = YES;
				CLANG_WARN_INT_CONVERSION = YES;
				CLANG_WARN_NON_LITERAL_NULL_CONVERSION = YES;
				CLANG_WARN_OBJC_IMPLICIT_RETAIN_SELF = YES;
				CLANG_WARN_OBJC_LITERAL_CONVERSION = YES;
				CLANG_WARN_OBJC_ROOT_CLASS = YES_ERROR;
				CLANG_WARN_QUOTED_INCLUDE_IN_FRAMEWORK_HEADER = YES;
				CLANG_WARN_RANGE_LOOP_ANALYSIS = YES;
				CLANG_WARN_STRICT_PROTOTYPES = YES;
				CLANG_WARN_SUSPICIOUS_MOVE = YES;
				CLANG_WARN_UNGUARDED_AVAILABILITY = YES_AGGRESSIVE;
				CLANG_WARN_UNREACHABLE_CODE = YES;
				CLANG_WARN__DUPLICATE_METHOD_MATCH = YES;
				COPY_PHASE_STRIP = NO;
				DEBUG_INFORMATION_FORMAT = "dwarf-with-dsym";
				ENABLE_NS_ASSERTIONS = NO;
				ENABLE_STRICT_OBJC_MSGSEND = YES;
				ENABLE_USER_SCRIPT_SANDBOXING = YES;
				GCC_C_LANGUAGE_STANDARD = gnu17;
				GCC_NO_COMMON_BLOCKS = YES;
				GCC_WARN_64_TO_32_BIT_CONVERSION = YES;
				GCC_WARN_ABOUT_RETURN_TYPE = YES_ERROR;
				GCC_WARN_UNDECLARED_SELECTOR = YES;
				GCC_WARN_UNINITIALIZED_AUTOS = YES_AGGRESSIVE;
				GCC_WARN_UNUSED_FUNCTION = YES;
				GCC_WARN_UNUSED_VARIABLE = YES;
				IPHONEOS_DEPLOYMENT_TARGET = 17.0;
				LOCALIZATION_PREFERS_STRING_CATALOGS = YES;
				MTL_ENABLE_DEBUG_INFO = NO;
				MTL_FAST_MATH = YES;
				SDKROOT = iphoneos;
				SWIFT_COMPILATION_MODE = wholemodule;
				VALIDATE_PRODUCT = YES;
			};
			name = Release;
		};
		D1F3E5B22AE6D56D00658798 /* Debug */ = {
			isa = XCBuildConfiguration;
			buildSettings = {
				ASSETCATALOG_COMPILER_APPICON_NAME = AppIcon;
				ASSETCATALOG_COMPILER_GLOBAL_ACCENT_COLOR_NAME = AccentColor;
				CODE_SIGN_STYLE = Automatic;
				CURRENT_PROJECT_VERSION = 1;
				DEVELOPMENT_ASSET_PATHS = "\"Apple-Frameworks/Preview Content\"";
				DEVELOPMENT_TEAM = AQDJRYZK8Y;
				ENABLE_PREVIEWS = YES;
				GENERATE_INFOPLIST_FILE = YES;
				INFOPLIST_KEY_UIApplicationSceneManifest_Generation = YES;
				INFOPLIST_KEY_UIApplicationSupportsIndirectInputEvents = YES;
				INFOPLIST_KEY_UILaunchScreen_Generation = YES;
				INFOPLIST_KEY_UISupportedInterfaceOrientations_iPad = "UIInterfaceOrientationPortrait UIInterfaceOrientationPortraitUpsideDown UIInterfaceOrientationLandscapeLeft UIInterfaceOrientationLandscapeRight";
				INFOPLIST_KEY_UISupportedInterfaceOrientations_iPhone = "UIInterfaceOrientationPortrait UIInterfaceOrientationLandscapeLeft UIInterfaceOrientationLandscapeRight";
				LD_RUNPATH_SEARCH_PATHS = (
					"$(inherited)",
					"@executable_path/Frameworks",
				);
				MARKETING_VERSION = 1.0;
				PRODUCT_BUNDLE_IDENTIFIER = "fistSwift.Apple-Frameworks";
				PRODUCT_NAME = "$(TARGET_NAME)";
				SWIFT_EMIT_LOC_STRINGS = YES;
				SWIFT_VERSION = 5.0;
				TARGETED_DEVICE_FAMILY = "1,2";
			};
			name = Debug;
		};
		D1F3E5B32AE6D56D00658798 /* Release */ = {
			isa = XCBuildConfiguration;
			buildSettings = {
				ASSETCATALOG_COMPILER_APPICON_NAME = AppIcon;
				ASSETCATALOG_COMPILER_GLOBAL_ACCENT_COLOR_NAME = AccentColor;
				CODE_SIGN_STYLE = Automatic;
				CURRENT_PROJECT_VERSION = 1;
				DEVELOPMENT_ASSET_PATHS = "\"Apple-Frameworks/Preview Content\"";
				DEVELOPMENT_TEAM = AQDJRYZK8Y;
				ENABLE_PREVIEWS = YES;
				GENERATE_INFOPLIST_FILE = YES;
				INFOPLIST_KEY_UIApplicationSceneManifest_Generation = YES;
				INFOPLIST_KEY_UIApplicationSupportsIndirectInputEvents = YES;
				INFOPLIST_KEY_UILaunchScreen_Generation = YES;
				INFOPLIST_KEY_UISupportedInterfaceOrientations_iPad = "UIInterfaceOrientationPortrait UIInterfaceOrientationPortraitUpsideDown UIInterfaceOrientationLandscapeLeft UIInterfaceOrientationLandscapeRight";
				INFOPLIST_KEY_UISupportedInterfaceOrientations_iPhone = "UIInterfaceOrientationPortrait UIInterfaceOrientationLandscapeLeft UIInterfaceOrientationLandscapeRight";
				LD_RUNPATH_SEARCH_PATHS = (
					"$(inherited)",
					"@executable_path/Frameworks",
				);
				MARKETING_VERSION = 1.0;
				PRODUCT_BUNDLE_IDENTIFIER = "fistSwift.Apple-Frameworks";
				PRODUCT_NAME = "$(TARGET_NAME)";
				SWIFT_EMIT_LOC_STRINGS = YES;
				SWIFT_VERSION = 5.0;
				TARGETED_DEVICE_FAMILY = "1,2";
			};
			name = Release;
		};
/* End XCBuildConfiguration section */

/* Begin XCConfigurationList section */
		D1F3E59E2AE6D56A00658798 /* Build configuration list for PBXProject "Apple-Frameworks" */ = {
			isa = XCConfigurationList;
			buildConfigurations = (
				D1F3E5AF2AE6D56D00658798 /* Debug */,
				D1F3E5B02AE6D56D00658798 /* Release */,
			);
			defaultConfigurationIsVisible = 0;
			defaultConfigurationName = Release;
		};
		D1F3E5B12AE6D56D00658798 /* Build configuration list for PBXNativeTarget "Apple-Frameworks" */ = {
			isa = XCConfigurationList;
			buildConfigurations = (
				D1F3E5B22AE6D56D00658798 /* Debug */,
				D1F3E5B32AE6D56D00658798 /* Release */,
			);
			defaultConfigurationIsVisible = 0;
			defaultConfigurationName = Release;
		};
/* End XCConfigurationList section */
	};
	rootObject = D1F3E59B2AE6D56A00658798 /* Project object */;
}
